# THIS IS AN AUTOGENERATED FILE. DO NOT EDIT THIS FILE DIRECTLY.
# yarn lockfile v1


"@headlessui/react@^1.7.7":
  version "1.7.7"
  resolved "https://registry.yarnpkg.com/@headlessui/react/-/react-1.7.7.tgz#d6f8708d8943ae8ebb1a6929108234e4515ac7e8"
  integrity sha512-BqDOd/tB9u2tA0T3Z0fn18ktw+KbVwMnkxxsGPIH2hzssrQhKB5n/6StZOyvLYP/FsYtvuXfi9I0YowKPv2c1w==
  dependencies:
    client-only "^0.0.1"

client-only@^0.0.1:
  version "0.0.1"
  resolved "https://registry.yarnpkg.com/client-only/-/client-only-0.0.1.tgz#38bba5d403c41ab150bff64a95c85013cf73bca1"
  integrity sha512-IV3Ou0jSMzZrd3pZ48nLkT9DA7Ag1pnPzaiQhpW7c3RbcqqzvzzVu+L8gfqMp/8IM2MQtSiqaCxrrcfu8I8rMA==

react-icons@^4.7.1:
  version "4.7.1"
  resolved "https://registry.yarnpkg.com/react-icons/-/react-icons-4.7.1.tgz#0f4b25a5694e6972677cb189d2a72eabea7a8345"
  integrity sha512-yHd3oKGMgm7zxo3EA7H2n7vxSoiGmHk5t6Ou4bXsfcgWyhfDKMpyKfhHR6Bjnn63c+YXBLBPUql9H4wPJM6sXw==

swr@^2.0.1:
  version "2.0.1"
  resolved "https://registry.yarnpkg.com/swr/-/swr-2.0.1.tgz#8b4c132269fadcd845df4d44bd8722eba484ff71"
  integrity sha512-6z4FpS9dKAay7axedlStsPahEw25nuMlVh4GHkuPpGptbmEEP8v/+kr0GkAE/7ErUs25U2VFOnZQz3AWfkmXdw==
  dependencies:
    use-sync-external-store "^1.2.0"

use-sync-external-store@^1.2.0:
  version "1.2.0"
  resolved "https://registry.yarnpkg.com/use-sync-external-store/-/use-sync-external-store-1.2.0.tgz#7dbefd6ef3fe4e767a0cf5d7287aacfb5846928a"
  integrity sha512-eEgnFxGQ1Ife9bzYs6VLi8/4X6CObHMw9Qr9tPY43iKwsPw8xE8+EFsf/2cFZ5S3esXgpWgtSCtLNS41F+sKPA==
